
Microsoft Visual Studio Solution File, Format Version 12.00
# Visual Studio Version 17
VisualStudioVersion = 17.14.36119.2 d17.14
MinimumVisualStudioVersion = 10.0.40219.1
Project("{FAE04EC0-301F-11D3-BF4B-00C04F79EFBC}") = "MainApi", "MainApi\MainApi.csproj", "{C1685E9D-3175-4DD0-8FB4-BB777A75E073}"
EndProject
Global
	GlobalSection(SolutionConfigurationPlatforms) = preSolution
		Debug|Any CPU = Debug|Any CPU
		Release|Any CPU = Release|Any CPU
	EndGlobalSection
	GlobalSection(ProjectConfigurationPlatforms) = postSolution
		{C1685E9D-3175-4DD0-8FB4-BB777A75E073}.Debug|Any CPU.ActiveCfg = Debug|Any CPU
		{C1685E9D-3175-4DD0-8FB4-BB777A75E073}.Debug|Any CPU.Build.0 = Debug|Any CPU
		{C1685E9D-3175-4DD0-8FB4-BB777A75E073}.Release|Any CPU.ActiveCfg = Release|Any CPU
		{C1685E9D-3175-4DD0-8FB4-BB777A75E073}.Release|Any CPU.Build.0 = Release|Any CPU
	EndGlobalSection
	GlobalSection(SolutionProperties) = preSolution
		HideSolutionNode = FALSE
	EndGlobalSection
	GlobalSection(ExtensibilityGlobals) = postSolution
		SolutionGuid = {287E5A9B-D6E3-4121-B0D7-A06369525BB5}
	EndGlobalSection
EndGlobal
